
Microsoft Visual Studio Solution File, Format Version 12.00
# Visual Studio Version 17
VisualStudioVersion = 17.14.36202.13 d17.14
MinimumVisualStudioVersion = 10.0.40219.1
Project("{FAE04EC0-301F-11D3-BF4B-00C04F79EFBC}") = "ZenMoney.API", "ZenMoney.API\ZenMoney.API.csproj", "{1AD1CFAA-9BEF-4D7C-A890-CE9500024D6C}"
EndProject
Project("{FAE04EC0-301F-11D3-BF4B-00C04F79EFBC}") = "ZenMoney.Application", "ZenMoney.Application\ZenMoney.Application.csproj", "{268CDD7A-E362-4029-B010-AC87EE179460}"
EndProject
Project("{FAE04EC0-301F-11D3-BF4B-00C04F79EFBC}") = "ZenMoney.Core", "ZenMoney.Core\ZenMoney.Core.csproj", "{DDA29FC4-82A1-4987-AB58-53A5E531E730}"
EndProject
Project("{FAE04EC0-301F-11D3-BF4B-00C04F79EFBC}") = "ZenMoney.Infrastructure", "ZenMoney.Infrastructure\ZenMoney.Infrastructure.csproj", "{6D98A8F1-24D6-471F-A471-43D535804FD4}"
EndProject
Project("{2150E333-8FDC-42A3-9474-1A3956D46DE8}") = "Tests", "Tests", "{02EA681E-C7D8-13C7-8484-4AC65E1B71E8}"
EndProject
Project("{FAE04EC0-301F-11D3-BF4B-00C04F79EFBC}") = "ZenMoney.UnitTests", "ZenMoney.UnitTests\ZenMoney.UnitTests.csproj", "{C59FA057-CD4F-4927-942C-DAA8F9A92ED6}"
EndProject
Global
	GlobalSection(SolutionConfigurationPlatforms) = preSolution
		Debug|Any CPU = Debug|Any CPU
		Release|Any CPU = Release|Any CPU
	EndGlobalSection
	GlobalSection(ProjectConfigurationPlatforms) = postSolution
		{1AD1CFAA-9BEF-4D7C-A890-CE9500024D6C}.Debug|Any CPU.ActiveCfg = Debug|Any CPU
		{1AD1CFAA-9BEF-4D7C-A890-CE9500024D6C}.Debug|Any CPU.Build.0 = Debug|Any CPU
		{1AD1CFAA-9BEF-4D7C-A890-CE9500024D6C}.Release|Any CPU.ActiveCfg = Release|Any CPU
		{1AD1CFAA-9BEF-4D7C-A890-CE9500024D6C}.Release|Any CPU.Build.0 = Release|Any CPU
		{268CDD7A-E362-4029-B010-AC87EE179460}.Debug|Any CPU.ActiveCfg = Debug|Any CPU
		{268CDD7A-E362-4029-B010-AC87EE179460}.Debug|Any CPU.Build.0 = Debug|Any CPU
		{268CDD7A-E362-4029-B010-AC87EE179460}.Release|Any CPU.ActiveCfg = Release|Any CPU
		{268CDD7A-E362-4029-B010-AC87EE179460}.Release|Any CPU.Build.0 = Release|Any CPU
		{DDA29FC4-82A1-4987-AB58-53A5E531E730}.Debug|Any CPU.ActiveCfg = Debug|Any CPU
		{DDA29FC4-82A1-4987-AB58-53A5E531E730}.Debug|Any CPU.Build.0 = Debug|Any CPU
		{DDA29FC4-82A1-4987-AB58-53A5E531E730}.Release|Any CPU.ActiveCfg = Release|Any CPU
		{DDA29FC4-82A1-4987-AB58-53A5E531E730}.Release|Any CPU.Build.0 = Release|Any CPU
		{6D98A8F1-24D6-471F-A471-43D535804FD4}.Debug|Any CPU.ActiveCfg = Debug|Any CPU
		{6D98A8F1-24D6-471F-A471-43D535804FD4}.Debug|Any CPU.Build.0 = Debug|Any CPU
		{6D98A8F1-24D6-471F-A471-43D535804FD4}.Release|Any CPU.ActiveCfg = Release|Any CPU
		{6D98A8F1-24D6-471F-A471-43D535804FD4}.Release|Any CPU.Build.0 = Release|Any CPU
		{C59FA057-CD4F-4927-942C-DAA8F9A92ED6}.Debug|Any CPU.ActiveCfg = Debug|Any CPU
		{C59FA057-CD4F-4927-942C-DAA8F9A92ED6}.Debug|Any CPU.Build.0 = Debug|Any CPU
		{C59FA057-CD4F-4927-942C-DAA8F9A92ED6}.Release|Any CPU.ActiveCfg = Release|Any CPU
		{C59FA057-CD4F-4927-942C-DAA8F9A92ED6}.Release|Any CPU.Build.0 = Release|Any CPU
	EndGlobalSection
	GlobalSection(SolutionProperties) = preSolution
		HideSolutionNode = FALSE
	EndGlobalSection
	GlobalSection(NestedProjects) = preSolution
		{C59FA057-CD4F-4927-942C-DAA8F9A92ED6} = {02EA681E-C7D8-13C7-8484-4AC65E1B71E8}
	EndGlobalSection
	GlobalSection(ExtensibilityGlobals) = postSolution
		SolutionGuid = {39FE40A9-0B99-4DA5-891D-6CE2CABDE7CA}
	EndGlobalSection
EndGlobal
